// !$*UTF8*$!
{
	archiveVersion = 1;
	classes = {
	};
	objectVersion = 55;
	objects = {

/* Begin PBXBuildFile section */
		5289607927DDBA6D002012FE /* MainApp.swift in Sources */ = {isa = PBXBuildFile; fileRef = 5289607827DDBA6D002012FE /* MainApp.swift */; };
		5289607B27DDBA6D002012FE /* PortfolioScene.swift in Sources */ = {isa = PBXBuildFile; fileRef = 5289607A27DDBA6D002012FE /* PortfolioScene.swift */; };
		5289607D27DDBA6F002012FE /* Assets.xcassets in Resources */ = {isa = PBXBuildFile; fileRef = 5289607C27DDBA6F002012FE /* Assets.xcassets */; };
		5289608027DDBA6F002012FE /* Preview Assets.xcassets in Resources */ = {isa = PBXBuildFile; fileRef = 5289607F27DDBA6F002012FE /* Preview Assets.xcassets */; };
		5289608927DDBB5C002012FE /* PortfolioScene.ViewModel.swift in Sources */ = {isa = PBXBuildFile; fileRef = 5289608827DDBB5C002012FE /* PortfolioScene.ViewModel.swift */; };
		52A5D43E28C63F72005FFFA0 /* SettingsScene.swift in Sources */ = {isa = PBXBuildFile; fileRef = 52A5D43D28C63F72005FFFA0 /* SettingsScene.swift */; };
		52A5D44128C64100005FFFA0 /* Settings.swift in Sources */ = {isa = PBXBuildFile; fileRef = 52A5D44028C64100005FFFA0 /* Settings.swift */; };
		52E59E1127E36AF2002F8885 /* NumberFormatter+Extensions.swift in Sources */ = {isa = PBXBuildFile; fileRef = 52E59E1027E36AF2002F8885 /* NumberFormatter+Extensions.swift */; };
		52E59E1327E86B7D002F8885 /* YHFinanceService.swift in Sources */ = {isa = PBXBuildFile; fileRef = 52E59E1227E86B7D002F8885 /* YHFinanceService.swift */; };
		52E59E1527E8769C002F8885 /* YHFinanceResponse.swift in Sources */ = {isa = PBXBuildFile; fileRef = 52E59E1427E8769C002F8885 /* YHFinanceResponse.swift */; };
/* End PBXBuildFile section */

/* Begin PBXFileReference section */
		5289607527DDBA6D002012FE /* Alligator.app */ = {isa = PBXFileReference; explicitFileType = wrapper.application; includeInIndex = 0; path = Alligator.app; sourceTree = BUILT_PRODUCTS_DIR; };
		5289607827DDBA6D002012FE /* MainApp.swift */ = {isa = PBXFileReference; lastKnownFileType = sourcecode.swift; path = MainApp.swift; sourceTree = "<group>"; };
		5289607A27DDBA6D002012FE /* PortfolioScene.swift */ = {isa = PBXFileReference; lastKnownFileType = sourcecode.swift; path = PortfolioScene.swift; sourceTree = "<group>"; };
		5289607C27DDBA6F002012FE /* Assets.xcassets */ = {isa = PBXFileReference; lastKnownFileType = folder.assetcatalog; path = Assets.xcassets; sourceTree = "<group>"; };
		5289607F27DDBA6F002012FE /* Preview Assets.xcassets */ = {isa = PBXFileReference; lastKnownFileType = folder.assetcatalog; path = "Preview Assets.xcassets"; sourceTree = "<group>"; };
		5289608827DDBB5C002012FE /* PortfolioScene.ViewModel.swift */ = {isa = PBXFileReference; lastKnownFileType = sourcecode.swift; path = PortfolioScene.ViewModel.swift; sourceTree = "<group>"; };
		52A5D43D28C63F72005FFFA0 /* SettingsScene.swift */ = {isa = PBXFileReference; lastKnownFileType = sourcecode.swift; path = SettingsScene.swift; sourceTree = "<group>"; };
		52A5D44028C64100005FFFA0 /* Settings.swift */ = {isa = PBXFileReference; lastKnownFileType = sourcecode.swift; path = Settings.swift; sourceTree = "<group>"; };
		52E59E1027E36AF2002F8885 /* NumberFormatter+Extensions.swift */ = {isa = PBXFileReference; lastKnownFileType = sourcecode.swift; path = "NumberFormatter+Extensions.swift"; sourceTree = "<group>"; };
		52E59E1227E86B7D002F8885 /* YHFinanceService.swift */ = {isa = PBXFileReference; lastKnownFileType = sourcecode.swift; path = YHFinanceService.swift; sourceTree = "<group>"; };
		52E59E1427E8769C002F8885 /* YHFinanceResponse.swift */ = {isa = PBXFileReference; lastKnownFileType = sourcecode.swift; path = YHFinanceResponse.swift; sourceTree = "<group>"; };
/* End PBXFileReference section */

/* Begin PBXFrameworksBuildPhase section */
		5289607227DDBA6D002012FE /* Frameworks */ = {
			isa = PBXFrameworksBuildPhase;
			buildActionMask = 2147483647;
			files = (
			);
			runOnlyForDeploymentPostprocessing = 0;
		};
/* End PBXFrameworksBuildPhase section */

/* Begin PBXGroup section */
		5289606C27DDBA6D002012FE = {
			isa = PBXGroup;
			children = (
				5289607727DDBA6D002012FE /* Investment Alligator */,
				5289607627DDBA6D002012FE /* Products */,
			);
			sourceTree = "<group>";
		};
		5289607627DDBA6D002012FE /* Products */ = {
			isa = PBXGroup;
			children = (
				5289607527DDBA6D002012FE /* Alligator.app */,
			);
			name = Products;
			sourceTree = "<group>";
		};
		5289607727DDBA6D002012FE /* Investment Alligator */ = {
			isa = PBXGroup;
			children = (
				5289607E27DDBA6F002012FE /* Preview Content */,
				52A5D43F28C6402C005FFFA0 /* YHFinance */,
				5289607C27DDBA6F002012FE /* Assets.xcassets */,
				5289607827DDBA6D002012FE /* MainApp.swift */,
				5289607A27DDBA6D002012FE /* PortfolioScene.swift */,
				5289608827DDBB5C002012FE /* PortfolioScene.ViewModel.swift */,
				52A5D43D28C63F72005FFFA0 /* SettingsScene.swift */,
				52A5D44028C64100005FFFA0 /* Settings.swift */,
				52E59E1027E36AF2002F8885 /* NumberFormatter+Extensions.swift */,
			);
			path = "Investment Alligator";
			sourceTree = "<group>";
		};
		5289607E27DDBA6F002012FE /* Preview Content */ = {
			isa = PBXGroup;
			children = (
				5289607F27DDBA6F002012FE /* Preview Assets.xcassets */,
			);
			path = "Preview Content";
			sourceTree = "<group>";
		};
		52A5D43F28C6402C005FFFA0 /* YHFinance */ = {
			isa = PBXGroup;
			children = (
				52E59E1227E86B7D002F8885 /* YHFinanceService.swift */,
				52E59E1427E8769C002F8885 /* YHFinanceResponse.swift */,
			);
			path = YHFinance;
			sourceTree = "<group>";
		};
/* End PBXGroup section */

/* Begin PBXNativeTarget section */
		5289607427DDBA6D002012FE /* Investment Alligator */ = {
			isa = PBXNativeTarget;
			buildConfigurationList = 5289608327DDBA6F002012FE /* Build configuration list for PBXNativeTarget "Investment Alligator" */;
			buildPhases = (
				5289607127DDBA6D002012FE /* Sources */,
				5289607227DDBA6D002012FE /* Frameworks */,
				5289607327DDBA6D002012FE /* Resources */,
			);
			buildRules = (
			);
			dependencies = (
			);
			name = "Investment Alligator";
			productName = "Investment Alligator";
			productReference = 5289607527DDBA6D002012FE /* Alligator.app */;
			productType = "com.apple.product-type.application";
		};
/* End PBXNativeTarget section */

/* Begin PBXProject section */
		5289606D27DDBA6D002012FE /* Project object */ = {
			isa = PBXProject;
			attributes = {
				BuildIndependentTargetsInParallel = 1;
				LastSwiftUpdateCheck = 1320;
				LastUpgradeCheck = 1320;
				TargetAttributes = {
					5289607427DDBA6D002012FE = {
						CreatedOnToolsVersion = 13.2.1;
					};
				};
			};
			buildConfigurationList = 5289607027DDBA6D002012FE /* Build configuration list for PBXProject "Investment Alligator" */;
			compatibilityVersion = "Xcode 13.0";
			developmentRegion = en;
			hasScannedForEncodings = 0;
			knownRegions = (
				en,
				Base,
			);
			mainGroup = 5289606C27DDBA6D002012FE;
			productRefGroup = 5289607627DDBA6D002012FE /* Products */;
			projectDirPath = "";
			projectRoot = "";
			targets = (
				5289607427DDBA6D002012FE /* Investment Alligator */,
			);
		};
/* End PBXProject section */

/* Begin PBXResourcesBuildPhase section */
		5289607327DDBA6D002012FE /* Resources */ = {
			isa = PBXResourcesBuildPhase;
			buildActionMask = 2147483647;
			files = (
				5289608027DDBA6F002012FE /* Preview Assets.xcassets in Resources */,
				5289607D27DDBA6F002012FE /* Assets.xcassets in Resources */,
			);
			runOnlyForDeploymentPostprocessing = 0;
		};
/* End PBXResourcesBuildPhase section */

/* Begin PBXSourcesBuildPhase section */
		5289607127DDBA6D002012FE /* Sources */ = {
			isa = PBXSourcesBuildPhase;
			buildActionMask = 2147483647;
			files = (
				5289608927DDBB5C002012FE /* PortfolioScene.ViewModel.swift in Sources */,
				52A5D44128C64100005FFFA0 /* Settings.swift in Sources */,
				52A5D43E28C63F72005FFFA0 /* SettingsScene.swift in Sources */,
				52E59E1127E36AF2002F8885 /* NumberFormatter+Extensions.swift in Sources */,
				5289607B27DDBA6D002012FE /* PortfolioScene.swift in Sources */,
				5289607927DDBA6D002012FE /* MainApp.swift in Sources */,
				52E59E1327E86B7D002F8885 /* YHFinanceService.swift in Sources */,
				52E59E1527E8769C002F8885 /* YHFinanceResponse.swift in Sources */,
			);
			runOnlyForDeploymentPostprocessing = 0;
		};
/* End PBXSourcesBuildPhase section */

/* Begin XCBuildConfiguration section */
		5289608127DDBA6F002012FE /* Debug */ = {
			isa = XCBuildConfiguration;
			buildSettings = {
				ALWAYS_SEARCH_USER_PATHS = NO;
				CLANG_ANALYZER_NONNULL = YES;
				CLANG_ANALYZER_NUMBER_OBJECT_CONVERSION = YES_AGGRESSIVE;
				CLANG_CXX_LANGUAGE_STANDARD = "gnu++17";
				CLANG_CXX_LIBRARY = "libc++";
				CLANG_ENABLE_MODULES = YES;
				CLANG_ENABLE_OBJC_ARC = YES;
				CLANG_ENABLE_OBJC_WEAK = YES;
				CLANG_WARN_BLOCK_CAPTURE_AUTORELEASING = YES;
				CLANG_WARN_BOOL_CONVERSION = YES;
				CLANG_WARN_COMMA = YES;
				CLANG_WARN_CONSTANT_CONVERSION = YES;
				CLANG_WARN_DEPRECATED_OBJC_IMPLEMENTATIONS = YES;
				CLANG_WARN_DIRECT_OBJC_ISA_USAGE = YES_ERROR;
				CLANG_WARN_DOCUMENTATION_COMMENTS = YES;
				CLANG_WARN_EMPTY_BODY = YES;
				CLANG_WARN_ENUM_CONVERSION = YES;
				CLANG_WARN_INFINITE_RECURSION = YES;
				CLANG_WARN_INT_CONVERSION = YES;
				CLANG_WARN_NON_LITERAL_NULL_CONVERSION = YES;
				CLANG_WARN_OBJC_IMPLICIT_RETAIN_SELF = YES;
				CLANG_WARN_OBJC_LITERAL_CONVERSION = YES;
				CLANG_WARN_OBJC_ROOT_CLASS = YES_ERROR;
				CLANG_WARN_QUOTED_INCLUDE_IN_FRAMEWORK_HEADER = YES;
				CLANG_WARN_RANGE_LOOP_ANALYSIS = YES;
				CLANG_WARN_STRICT_PROTOTYPES = YES;
				CLANG_WARN_SUSPICIOUS_MOVE = YES;
				CLANG_WARN_UNGUARDED_AVAILABILITY = YES_AGGRESSIVE;
				CLANG_WARN_UNREACHABLE_CODE = YES;
				CLANG_WARN__DUPLICATE_METHOD_MATCH = YES;
				COPY_PHASE_STRIP = NO;
				DEBUG_INFORMATION_FORMAT = dwarf;
				ENABLE_STRICT_OBJC_MSGSEND = YES;
				ENABLE_TESTABILITY = YES;
				GCC_C_LANGUAGE_STANDARD = gnu11;
				GCC_DYNAMIC_NO_PIC = NO;
				GCC_NO_COMMON_BLOCKS = YES;
				GCC_OPTIMIZATION_LEVEL = 0;
				GCC_PREPROCESSOR_DEFINITIONS = (
					"DEBUG=1",
					"$(inherited)",
				);
				GCC_WARN_64_TO_32_BIT_CONVERSION = YES;
				GCC_WARN_ABOUT_RETURN_TYPE = YES_ERROR;
				GCC_WARN_UNDECLARED_SELECTOR = YES;
				GCC_WARN_UNINITIALIZED_AUTOS = YES_AGGRESSIVE;
				GCC_WARN_UNUSED_FUNCTION = YES;
				GCC_WARN_UNUSED_VARIABLE = YES;
				IPHONEOS_DEPLOYMENT_TARGET = 15.2;
				MTL_ENABLE_DEBUG_INFO = INCLUDE_SOURCE;
				MTL_FAST_MATH = YES;
				ONLY_ACTIVE_ARCH = YES;
				SDKROOT = iphoneos;
				SWIFT_ACTIVE_COMPILATION_CONDITIONS = DEBUG;
				SWIFT_OPTIMIZATION_LEVEL = "-Onone";
			};
			name = Debug;
		};
		5289608227DDBA6F002012FE /* Release */ = {
			isa = XCBuildConfiguration;
			buildSettings = {
				ALWAYS_SEARCH_USER_PATHS = NO;
				CLANG_ANALYZER_NONNULL = YES;
				CLANG_ANALYZER_NUMBER_OBJECT_CONVERSION = YES_AGGRESSIVE;
				CLANG_CXX_LANGUAGE_STANDARD = "gnu++17";
				CLANG_CXX_LIBRARY = "libc++";
				CLANG_ENABLE_MODULES = YES;
				CLANG_ENABLE_OBJC_ARC = YES;
				CLANG_ENABLE_OBJC_WEAK = YES;
				CLANG_WARN_BLOCK_CAPTURE_AUTORELEASING = YES;
				CLANG_WARN_BOOL_CONVERSION = YES;
				CLANG_WARN_COMMA = YES;
				CLANG_WARN_CONSTANT_CONVERSION = YES;
				CLANG_WARN_DEPRECATED_OBJC_IMPLEMENTATIONS = YES;
				CLANG_WARN_DIRECT_OBJC_ISA_USAGE = YES_ERROR;
				CLANG_WARN_DOCUMENTATION_COMMENTS = YES;
				CLANG_WARN_EMPTY_BODY = YES;
				CLANG_WARN_ENUM_CONVERSION = YES;
				CLANG_WARN_INFINITE_RECURSION = YES;
				CLANG_WARN_INT_CONVERSION = YES;
				CLANG_WARN_NON_LITERAL_NULL_CONVERSION = YES;
				CLANG_WARN_OBJC_IMPLICIT_RETAIN_SELF = YES;
				CLANG_WARN_OBJC_LITERAL_CONVERSION = YES;
				CLANG_WARN_OBJC_ROOT_CLASS = YES_ERROR;
				CLANG_WARN_QUOTED_INCLUDE_IN_FRAMEWORK_HEADER = YES;
				CLANG_WARN_RANGE_LOOP_ANALYSIS = YES;
				CLANG_WARN_STRICT_PROTOTYPES = YES;
				CLANG_WARN_SUSPICIOUS_MOVE = YES;
				CLANG_WARN_UNGUARDED_AVAILABILITY = YES_AGGRESSIVE;
				CLANG_WARN_UNREACHABLE_CODE = YES;
				CLANG_WARN__DUPLICATE_METHOD_MATCH = YES;
				COPY_PHASE_STRIP = NO;
				DEBUG_INFORMATION_FORMAT = "dwarf-with-dsym";
				ENABLE_NS_ASSERTIONS = NO;
				ENABLE_STRICT_OBJC_MSGSEND = YES;
				GCC_C_LANGUAGE_STANDARD = gnu11;
				GCC_NO_COMMON_BLOCKS = YES;
				GCC_WARN_64_TO_32_BIT_CONVERSION = YES;
				GCC_WARN_ABOUT_RETURN_TYPE = YES_ERROR;
				GCC_WARN_UNDECLARED_SELECTOR = YES;
				GCC_WARN_UNINITIALIZED_AUTOS = YES_AGGRESSIVE;
				GCC_WARN_UNUSED_FUNCTION = YES;
				GCC_WARN_UNUSED_VARIABLE = YES;
				IPHONEOS_DEPLOYMENT_TARGET = 15.2;
				MTL_ENABLE_DEBUG_INFO = NO;
				MTL_FAST_MATH = YES;
				SDKROOT = iphoneos;
				SWIFT_COMPILATION_MODE = wholemodule;
				SWIFT_OPTIMIZATION_LEVEL = "-O";
				VALIDATE_PRODUCT = YES;
			};
			name = Release;
		};
		5289608427DDBA6F002012FE /* Debug */ = {
			isa = XCBuildConfiguration;
			buildSettings = {
				ASSETCATALOG_COMPILER_APPICON_NAME = AppIcon;
				ASSETCATALOG_COMPILER_GLOBAL_ACCENT_COLOR_NAME = AccentColor;
				CODE_SIGN_STYLE = Automatic;
				CURRENT_PROJECT_VERSION = 1;
				DEVELOPMENT_ASSET_PATHS = "\"Investment Alligator/Preview Content\"";
				DEVELOPMENT_TEAM = TUDJ9P2T3W;
				ENABLE_PREVIEWS = YES;
				GENERATE_INFOPLIST_FILE = YES;
				INFOPLIST_KEY_UIApplicationSceneManifest_Generation = YES;
				INFOPLIST_KEY_UIApplicationSupportsIndirectInputEvents = YES;
				INFOPLIST_KEY_UILaunchScreen_Generation = YES;
				INFOPLIST_KEY_UIStatusBarHidden = NO;
				INFOPLIST_KEY_UISupportedInterfaceOrientations = UIInterfaceOrientationPortrait;
				INFOPLIST_KEY_UISupportedInterfaceOrientations_iPad = "UIInterfaceOrientationPortrait UIInterfaceOrientationPortraitUpsideDown UIInterfaceOrientationLandscapeLeft UIInterfaceOrientationLandscapeRight";
				INFOPLIST_KEY_UISupportedInterfaceOrientations_iPhone = "UIInterfaceOrientationPortrait UIInterfaceOrientationLandscapeLeft UIInterfaceOrientationLandscapeRight";
				LD_RUNPATH_SEARCH_PATHS = (
					"$(inherited)",
					"@executable_path/Frameworks",
				);
				MARKETING_VERSION = 1.0;
				PRODUCT_BUNDLE_IDENTIFIER = "dev.johnreid.Portfolio-Alligator";
				PRODUCT_NAME = Alligator;
				SWIFT_EMIT_LOC_STRINGS = YES;
				SWIFT_VERSION = 5.0;
				TARGETED_DEVICE_FAMILY = 1;
			};
			name = Debug;
		};
		5289608527DDBA6F002012FE /* Release */ = {
			isa = XCBuildConfiguration;
			buildSettings = {
				ASSETCATALOG_COMPILER_APPICON_NAME = AppIcon;
				ASSETCATALOG_COMPILER_GLOBAL_ACCENT_COLOR_NAME = AccentColor;
				CODE_SIGN_STYLE = Automatic;
				CURRENT_PROJECT_VERSION = 1;
				DEVELOPMENT_ASSET_PATHS = "\"Investment Alligator/Preview Content\"";
				DEVELOPMENT_TEAM = TUDJ9P2T3W;
				ENABLE_PREVIEWS = YES;
				GENERATE_INFOPLIST_FILE = YES;
				INFOPLIST_KEY_UIApplicationSceneManifest_Generation = YES;
				INFOPLIST_KEY_UIApplicationSupportsIndirectInputEvents = YES;
				INFOPLIST_KEY_UILaunchScreen_Generation = YES;
				INFOPLIST_KEY_UIStatusBarHidden = NO;
				INFOPLIST_KEY_UISupportedInterfaceOrientations = UIInterfaceOrientationPortrait;
				INFOPLIST_KEY_UISupportedInterfaceOrientations_iPad = "UIInterfaceOrientationPortrait UIInterfaceOrientationPortraitUpsideDown UIInterfaceOrientationLandscapeLeft UIInterfaceOrientationLandscapeRight";
				INFOPLIST_KEY_UISupportedInterfaceOrientations_iPhone = "UIInterfaceOrientationPortrait UIInterfaceOrientationLandscapeLeft UIInterfaceOrientationLandscapeRight";
				LD_RUNPATH_SEARCH_PATHS = (
					"$(inherited)",
					"@executable_path/Frameworks",
				);
				MARKETING_VERSION = 1.0;
				PRODUCT_BUNDLE_IDENTIFIER = "dev.johnreid.Portfolio-Alligator";
				PRODUCT_NAME = Alligator;
				SWIFT_EMIT_LOC_STRINGS = YES;
				SWIFT_VERSION = 5.0;
				TARGETED_DEVICE_FAMILY = 1;
			};
			name = Release;
		};
/* End XCBuildConfiguration section */

/* Begin XCConfigurationList section */
		5289607027DDBA6D002012FE /* Build configuration list for PBXProject "Investment Alligator" */ = {
			isa = XCConfigurationList;
			buildConfigurations = (
				5289608127DDBA6F002012FE /* Debug */,
				5289608227DDBA6F002012FE /* Release */,
			);
			defaultConfigurationIsVisible = 0;
			defaultConfigurationName = Release;
		};
		5289608327DDBA6F002012FE /* Build configuration list for PBXNativeTarget "Investment Alligator" */ = {
			isa = XCConfigurationList;
			buildConfigurations = (
				5289608427DDBA6F002012FE /* Debug */,
				5289608527DDBA6F002012FE /* Release */,
			);
			defaultConfigurationIsVisible = 0;
			defaultConfigurationName = Release;
		};
/* End XCConfigurationList section */
	};
	rootObject = 5289606D27DDBA6D002012FE /* Project object */;
}
